NeoBundleLock lightline.vim 022634035ed1fcfd2dff7974a35d7e894ca796fc
NeoBundleLock neobundle.vim 26d03781886ed887e390d4ad8b935987754b1c2c
NeoBundleLock neocomplete.vim 970cba438d3baf8239ccaaf53105bf880732507f
NeoBundleLock neomru.vim 97540f54fa20b94daf306f0c1f3cce983bbf7a1d
NeoBundleLock neosnippet ddd01d0ee3d965d9a30051f2e12b14234c83b3ae
NeoBundleLock neosnippet-snippets 8dbb78599984140c50418d3dd23d0de4c8f13e74
NeoBundleLock nerdtree 8a6ae7c6338378b6bb28ad0cf03e71ff0fd11a5a
NeoBundleLock tcomment_vim 7cba1bbc2f8f1da0a854ae80eefc74f3a8402dab
NeoBundleLock unite.vim 53d9f345a02976497cc99a4c7f5e4cf6114b6c28
NeoBundleLock vim-fugitive 8f60d1d459362771cb68c0097565efdf52e62ec3
NeoBundleLock vim-indent-guides b40687195c01caf40f62d20093296590b48e3a75
NeoBundleLock vim-pug ddc5592f8c36bf4bd915c16b38b8c76292c2b975
NeoBundleLock vim-quickrun 13e60587a503620bd7d0dd1b822c29e18350e461
NeoBundleLock vim-surround e49d6c2459e0f5569ff2d533b4df995dd7f98313
NeoBundleLock vimtex 022ffdbcc3c8891a74694d062f4190703414704f
